
Microsoft Visual Studio Solution File, Format Version 12.00
# Visual Studio Version 16
VisualStudioVersion = 16.0.30104.148
MinimumVisualStudioVersion = 10.0.40219.1
Project("{9A19103F-16F7-4668-BE54-9A1E7A4F7556}") = "RabbitClient", "RabbitClient\RabbitClient.csproj", "{D4939A62-051E-429D-8BEC-9B7FB13E999D}"
EndProject
Project("{FAE04EC0-301F-11D3-BF4B-00C04F79EFBC}") = "RabbitService", "RabbitService\RabbitService.csproj", "{594572CB-C3EE-4CCC-9D5F-AFB94A10F7CD}"
EndProject
Project("{2150E333-8FDC-42A3-9474-1A3956D46DE8}") = "Solution Items", "Solution Items", "{DA92F936-5A4D-4E1A-80C1-0CBDA783DC4C}"
	ProjectSection(SolutionItems) = preProject
		docker-compose.yml = docker-compose.yml
	EndProjectSection
EndProject
Project("{FAE04EC0-301F-11D3-BF4B-00C04F79EFBC}") = "Messages", "Messages\Messages.csproj", "{7316D6A1-C415-4CF4-9573-75937A4A9F04}"
EndProject
Project("{FAE04EC0-301F-11D3-BF4B-00C04F79EFBC}") = "ExampleProducer", "ExampleProducer\ExampleProducer.csproj", "{B16FE957-DEA5-4D5F-9688-6D1DFD3FD94F}"
	ProjectSection(ProjectDependencies) = postProject
		{D4939A62-051E-429D-8BEC-9B7FB13E999D} = {D4939A62-051E-429D-8BEC-9B7FB13E999D}
		{7316D6A1-C415-4CF4-9573-75937A4A9F04} = {7316D6A1-C415-4CF4-9573-75937A4A9F04}
	EndProjectSection
EndProject
Global
	GlobalSection(SolutionConfigurationPlatforms) = preSolution
		Debug|Any CPU = Debug|Any CPU
		Release|Any CPU = Release|Any CPU
	EndGlobalSection
	GlobalSection(ProjectConfigurationPlatforms) = postSolution
		{D4939A62-051E-429D-8BEC-9B7FB13E999D}.Debug|Any CPU.ActiveCfg = Debug|Any CPU
		{D4939A62-051E-429D-8BEC-9B7FB13E999D}.Debug|Any CPU.Build.0 = Debug|Any CPU
		{D4939A62-051E-429D-8BEC-9B7FB13E999D}.Release|Any CPU.ActiveCfg = Release|Any CPU
		{D4939A62-051E-429D-8BEC-9B7FB13E999D}.Release|Any CPU.Build.0 = Release|Any CPU
		{594572CB-C3EE-4CCC-9D5F-AFB94A10F7CD}.Debug|Any CPU.ActiveCfg = Debug|Any CPU
		{594572CB-C3EE-4CCC-9D5F-AFB94A10F7CD}.Debug|Any CPU.Build.0 = Debug|Any CPU
		{594572CB-C3EE-4CCC-9D5F-AFB94A10F7CD}.Release|Any CPU.ActiveCfg = Release|Any CPU
		{594572CB-C3EE-4CCC-9D5F-AFB94A10F7CD}.Release|Any CPU.Build.0 = Release|Any CPU
		{7316D6A1-C415-4CF4-9573-75937A4A9F04}.Debug|Any CPU.ActiveCfg = Debug|Any CPU
		{7316D6A1-C415-4CF4-9573-75937A4A9F04}.Debug|Any CPU.Build.0 = Debug|Any CPU
		{7316D6A1-C415-4CF4-9573-75937A4A9F04}.Release|Any CPU.ActiveCfg = Release|Any CPU
		{7316D6A1-C415-4CF4-9573-75937A4A9F04}.Release|Any CPU.Build.0 = Release|Any CPU
		{B16FE957-DEA5-4D5F-9688-6D1DFD3FD94F}.Debug|Any CPU.ActiveCfg = Debug|Any CPU
		{B16FE957-DEA5-4D5F-9688-6D1DFD3FD94F}.Debug|Any CPU.Build.0 = Debug|Any CPU
		{B16FE957-DEA5-4D5F-9688-6D1DFD3FD94F}.Release|Any CPU.ActiveCfg = Release|Any CPU
		{B16FE957-DEA5-4D5F-9688-6D1DFD3FD94F}.Release|Any CPU.Build.0 = Release|Any CPU
	EndGlobalSection
	GlobalSection(SolutionProperties) = preSolution
		HideSolutionNode = FALSE
	EndGlobalSection
	GlobalSection(ExtensibilityGlobals) = postSolution
		SolutionGuid = {C1E9502A-5DE2-43C1-BDBA-1AAAFB34511B}
	EndGlobalSection
EndGlobal
